
Microsoft Visual Studio Solution File, Format Version 12.00
# Visual Studio Version 16
VisualStudioVersion = 16.0.31424.327
MinimumVisualStudioVersion = 10.0.40219.1
Project("{9A19103F-16F7-4668-BE54-9A1E7A4F7556}") = "Vorrat und Einkaufliste", "Vorrat und Einkaufliste\Vorrat und Einkaufliste.csproj", "{67E40333-581B-4075-8E5D-BECE34698692}"
EndProject
Project("{FAE04EC0-301F-11D3-BF4B-00C04F79EFBC}") = "Models", "Models\Models.csproj", "{A33475D5-1CD8-4DA9-92AF-121073598420}"
EndProject
Global
	GlobalSection(SolutionConfigurationPlatforms) = preSolution
		Debug|Any CPU = Debug|Any CPU
		Release|Any CPU = Release|Any CPU
	EndGlobalSection
	GlobalSection(ProjectConfigurationPlatforms) = postSolution
		{67E40333-581B-4075-8E5D-BECE34698692}.Debug|Any CPU.ActiveCfg = Debug|Any CPU
		{67E40333-581B-4075-8E5D-BECE34698692}.Debug|Any CPU.Build.0 = Debug|Any CPU
		{67E40333-581B-4075-8E5D-BECE34698692}.Release|Any CPU.ActiveCfg = Release|Any CPU
		{67E40333-581B-4075-8E5D-BECE34698692}.Release|Any CPU.Build.0 = Release|Any CPU
		{A33475D5-1CD8-4DA9-92AF-121073598420}.Debug|Any CPU.ActiveCfg = Debug|Any CPU
		{A33475D5-1CD8-4DA9-92AF-121073598420}.Debug|Any CPU.Build.0 = Debug|Any CPU
		{A33475D5-1CD8-4DA9-92AF-121073598420}.Release|Any CPU.ActiveCfg = Release|Any CPU
		{A33475D5-1CD8-4DA9-92AF-121073598420}.Release|Any CPU.Build.0 = Release|Any CPU
	EndGlobalSection
	GlobalSection(SolutionProperties) = preSolution
		HideSolutionNode = FALSE
	EndGlobalSection
	GlobalSection(ExtensibilityGlobals) = postSolution
		SolutionGuid = {F25B31A2-2993-4D7B-B520-38527B41AA69}
	EndGlobalSection
EndGlobal
